
Microsoft Visual Studio Solution File, Format Version 12.00
# Visual Studio Version 16
VisualStudioVersion = 16.0.30225.117
MinimumVisualStudioVersion = 10.0.40219.1
Project("{9A19103F-16F7-4668-BE54-9A1E7A4F7556}") = "BinarySearchTree", "BinarySearchTree\BinarySearchTree.csproj", "{2AC16708-B3A1-494B-B4AB-AFBB5030B8D7}"
EndProject
Project("{9A19103F-16F7-4668-BE54-9A1E7A4F7556}") = "CompleteBinaryTree", "CompleteBinaryTree\CompleteBinaryTree.csproj", "{72B0D18B-785C-4504-A0F3-2AF30D96313C}"
EndProject
Project("{9A19103F-16F7-4668-BE54-9A1E7A4F7556}") = "Queues", "Queues\Queues.csproj", "{9B28010F-E47E-49BE-A8C4-D27B93D2B605}"
EndProject
Project("{9A19103F-16F7-4668-BE54-9A1E7A4F7556}") = "SearchAlgorithms", "SearchAlgorithms\SearchAlgorithms.csproj", "{0F3C6BBE-6C7B-41B3-9B5F-2BC753487D53}"
EndProject
Project("{9A19103F-16F7-4668-BE54-9A1E7A4F7556}") = "SinglyLinkedList", "SinglyLinkedList\SinglyLinkedList.csproj", "{BAD31C72-A4A4-49A9-935D-4BF58461107F}"
EndProject
Project("{9A19103F-16F7-4668-BE54-9A1E7A4F7556}") = "Stacks", "Stacks\Stacks.csproj", "{E30F5307-1DFC-48C1-992D-89492673C992}"
EndProject
Project("{9A19103F-16F7-4668-BE54-9A1E7A4F7556}") = "Expression.Evaluation", "Expression.Evaluation\Expression.Evaluation.csproj", "{51DCEC82-99D5-4D36-BD2E-B766EE8D06F4}"
EndProject
Project("{9A19103F-16F7-4668-BE54-9A1E7A4F7556}") = "RedBlackTrees", "RedBlackTrees\RedBlackTrees.csproj", "{8AD3BDF4-D62E-4E45-A831-C15D109EA67E}"
EndProject
Project("{9A19103F-16F7-4668-BE54-9A1E7A4F7556}") = "HashTable", "HashTable\HashTable.csproj", "{983BE8A5-0200-4B4A-B5E2-267ACDBE3ED4}"
EndProject
Project("{9A19103F-16F7-4668-BE54-9A1E7A4F7556}") = "Collections", "Collections\Collections.csproj", "{E7AD4B0A-9176-49D8-8679-17CCEA190126}"
EndProject
Project("{9A19103F-16F7-4668-BE54-9A1E7A4F7556}") = "Self-BalancingTrees", "Self-BalancingTrees\Self-BalancingTrees.csproj", "{246F113A-0A89-4BC5-9124-A61687B380AA}"
EndProject
Project("{9A19103F-16F7-4668-BE54-9A1E7A4F7556}") = "SortingAlgorithms", "SortingAlgorithms\SortingAlgorithms.csproj", "{670CAC49-14AE-4D90-9B98-EC0960BAB695}"
EndProject
Project("{FAE04EC0-301F-11D3-BF4B-00C04F79EFBC}") = "SegmentTree", "SegmentTree\SegmentTree.csproj", "{F8431DCF-8BA8-4313-BC8B-E2B2B20BF65B}"
EndProject
Global
	GlobalSection(SolutionConfigurationPlatforms) = preSolution
		Debug|Any CPU = Debug|Any CPU
		Release|Any CPU = Release|Any CPU
	EndGlobalSection
	GlobalSection(ProjectConfigurationPlatforms) = postSolution
		{2AC16708-B3A1-494B-B4AB-AFBB5030B8D7}.Debug|Any CPU.ActiveCfg = Debug|Any CPU
		{2AC16708-B3A1-494B-B4AB-AFBB5030B8D7}.Debug|Any CPU.Build.0 = Debug|Any CPU
		{2AC16708-B3A1-494B-B4AB-AFBB5030B8D7}.Release|Any CPU.ActiveCfg = Release|Any CPU
		{2AC16708-B3A1-494B-B4AB-AFBB5030B8D7}.Release|Any CPU.Build.0 = Release|Any CPU
		{72B0D18B-785C-4504-A0F3-2AF30D96313C}.Debug|Any CPU.ActiveCfg = Debug|Any CPU
		{72B0D18B-785C-4504-A0F3-2AF30D96313C}.Debug|Any CPU.Build.0 = Debug|Any CPU
		{72B0D18B-785C-4504-A0F3-2AF30D96313C}.Release|Any CPU.ActiveCfg = Release|Any CPU
		{72B0D18B-785C-4504-A0F3-2AF30D96313C}.Release|Any CPU.Build.0 = Release|Any CPU
		{9B28010F-E47E-49BE-A8C4-D27B93D2B605}.Debug|Any CPU.ActiveCfg = Debug|Any CPU
		{9B28010F-E47E-49BE-A8C4-D27B93D2B605}.Debug|Any CPU.Build.0 = Debug|Any CPU
		{9B28010F-E47E-49BE-A8C4-D27B93D2B605}.Release|Any CPU.ActiveCfg = Release|Any CPU
		{9B28010F-E47E-49BE-A8C4-D27B93D2B605}.Release|Any CPU.Build.0 = Release|Any CPU
		{0F3C6BBE-6C7B-41B3-9B5F-2BC753487D53}.Debug|Any CPU.ActiveCfg = Debug|Any CPU
		{0F3C6BBE-6C7B-41B3-9B5F-2BC753487D53}.Debug|Any CPU.Build.0 = Debug|Any CPU
		{0F3C6BBE-6C7B-41B3-9B5F-2BC753487D53}.Release|Any CPU.ActiveCfg = Release|Any CPU
		{0F3C6BBE-6C7B-41B3-9B5F-2BC753487D53}.Release|Any CPU.Build.0 = Release|Any CPU
		{BAD31C72-A4A4-49A9-935D-4BF58461107F}.Debug|Any CPU.ActiveCfg = Debug|Any CPU
		{BAD31C72-A4A4-49A9-935D-4BF58461107F}.Debug|Any CPU.Build.0 = Debug|Any CPU
		{BAD31C72-A4A4-49A9-935D-4BF58461107F}.Release|Any CPU.ActiveCfg = Release|Any CPU
		{BAD31C72-A4A4-49A9-935D-4BF58461107F}.Release|Any CPU.Build.0 = Release|Any CPU
		{E30F5307-1DFC-48C1-992D-89492673C992}.Debug|Any CPU.ActiveCfg = Debug|Any CPU
		{E30F5307-1DFC-48C1-992D-89492673C992}.Debug|Any CPU.Build.0 = Debug|Any CPU
		{E30F5307-1DFC-48C1-992D-89492673C992}.Release|Any CPU.ActiveCfg = Release|Any CPU
		{E30F5307-1DFC-48C1-992D-89492673C992}.Release|Any CPU.Build.0 = Release|Any CPU
		{51DCEC82-99D5-4D36-BD2E-B766EE8D06F4}.Debug|Any CPU.ActiveCfg = Debug|Any CPU
		{51DCEC82-99D5-4D36-BD2E-B766EE8D06F4}.Debug|Any CPU.Build.0 = Debug|Any CPU
		{51DCEC82-99D5-4D36-BD2E-B766EE8D06F4}.Release|Any CPU.ActiveCfg = Release|Any CPU
		{51DCEC82-99D5-4D36-BD2E-B766EE8D06F4}.Release|Any CPU.Build.0 = Release|Any CPU
		{8AD3BDF4-D62E-4E45-A831-C15D109EA67E}.Debug|Any CPU.ActiveCfg = Debug|Any CPU
		{8AD3BDF4-D62E-4E45-A831-C15D109EA67E}.Debug|Any CPU.Build.0 = Debug|Any CPU
		{8AD3BDF4-D62E-4E45-A831-C15D109EA67E}.Release|Any CPU.ActiveCfg = Release|Any CPU
		{8AD3BDF4-D62E-4E45-A831-C15D109EA67E}.Release|Any CPU.Build.0 = Release|Any CPU
		{983BE8A5-0200-4B4A-B5E2-267ACDBE3ED4}.Debug|Any CPU.ActiveCfg = Debug|Any CPU
		{983BE8A5-0200-4B4A-B5E2-267ACDBE3ED4}.Debug|Any CPU.Build.0 = Debug|Any CPU
		{983BE8A5-0200-4B4A-B5E2-267ACDBE3ED4}.Release|Any CPU.ActiveCfg = Release|Any CPU
		{983BE8A5-0200-4B4A-B5E2-267ACDBE3ED4}.Release|Any CPU.Build.0 = Release|Any CPU
		{E7AD4B0A-9176-49D8-8679-17CCEA190126}.Debug|Any CPU.ActiveCfg = Debug|Any CPU
		{E7AD4B0A-9176-49D8-8679-17CCEA190126}.Debug|Any CPU.Build.0 = Debug|Any CPU
		{E7AD4B0A-9176-49D8-8679-17CCEA190126}.Release|Any CPU.ActiveCfg = Release|Any CPU
		{E7AD4B0A-9176-49D8-8679-17CCEA190126}.Release|Any CPU.Build.0 = Release|Any CPU
		{246F113A-0A89-4BC5-9124-A61687B380AA}.Debug|Any CPU.ActiveCfg = Debug|Any CPU
		{246F113A-0A89-4BC5-9124-A61687B380AA}.Debug|Any CPU.Build.0 = Debug|Any CPU
		{246F113A-0A89-4BC5-9124-A61687B380AA}.Release|Any CPU.ActiveCfg = Release|Any CPU
		{246F113A-0A89-4BC5-9124-A61687B380AA}.Release|Any CPU.Build.0 = Release|Any CPU
		{670CAC49-14AE-4D90-9B98-EC0960BAB695}.Debug|Any CPU.ActiveCfg = Debug|Any CPU
		{670CAC49-14AE-4D90-9B98-EC0960BAB695}.Debug|Any CPU.Build.0 = Debug|Any CPU
		{670CAC49-14AE-4D90-9B98-EC0960BAB695}.Release|Any CPU.ActiveCfg = Release|Any CPU
		{670CAC49-14AE-4D90-9B98-EC0960BAB695}.Release|Any CPU.Build.0 = Release|Any CPU
		{F8431DCF-8BA8-4313-BC8B-E2B2B20BF65B}.Debug|Any CPU.ActiveCfg = Debug|Any CPU
		{F8431DCF-8BA8-4313-BC8B-E2B2B20BF65B}.Debug|Any CPU.Build.0 = Debug|Any CPU
		{F8431DCF-8BA8-4313-BC8B-E2B2B20BF65B}.Release|Any CPU.ActiveCfg = Release|Any CPU
		{F8431DCF-8BA8-4313-BC8B-E2B2B20BF65B}.Release|Any CPU.Build.0 = Release|Any CPU
	EndGlobalSection
	GlobalSection(SolutionProperties) = preSolution
		HideSolutionNode = FALSE
	EndGlobalSection
	GlobalSection(ExtensibilityGlobals) = postSolution
		SolutionGuid = {8E1C41C6-77AD-4BCA-AEEA-512C3257B91E}
	EndGlobalSection
EndGlobal
